
Microsoft Visual Studio Solution File, Format Version 12.00
# Visual Studio Version 17
VisualStudioVersion = 17.5.33516.290
MinimumVisualStudioVersion = 10.0.40219.1
Project("{FAE04EC0-301F-11D3-BF4B-00C04F79EFBC}") = "4", "4\4.csproj", "{1877046A-E957-4596-AFA2-72899938410E}"
EndProject
Global
	GlobalSection(SolutionConfigurationPlatforms) = preSolution
		Debug|Any CPU = Debug|Any CPU
		Release|Any CPU = Release|Any CPU
	EndGlobalSection
	GlobalSection(ProjectConfigurationPlatforms) = postSolution
		{1877046A-E957-4596-AFA2-72899938410E}.Debug|Any CPU.ActiveCfg = Debug|Any CPU
		{1877046A-E957-4596-AFA2-72899938410E}.Debug|Any CPU.Build.0 = Debug|Any CPU
		{1877046A-E957-4596-AFA2-72899938410E}.Release|Any CPU.ActiveCfg = Release|Any CPU
		{1877046A-E957-4596-AFA2-72899938410E}.Release|Any CPU.Build.0 = Release|Any CPU
	EndGlobalSection
	GlobalSection(SolutionProperties) = preSolution
		HideSolutionNode = FALSE
	EndGlobalSection
	GlobalSection(ExtensibilityGlobals) = postSolution
		SolutionGuid = {FBB75038-276A-4D3D-ADD4-D634DBC16AC0}
	EndGlobalSection
EndGlobal
